
Microsoft Visual Studio Solution File, Format Version 12.00
# Visual Studio Version 17
VisualStudioVersion = 17.11.35431.28
MinimumVisualStudioVersion = 10.0.40219.1
Project("{FAE04EC0-301F-11D3-BF4B-00C04F79EFBC}") = "Stained", "Stained\Stained.csproj", "{0957504F-4DA4-4BB0-BC32-D7100648F0EB}"
EndProject
Global
	GlobalSection(SolutionConfigurationPlatforms) = preSolution
		Debug|Any CPU = Debug|Any CPU
		Release|Any CPU = Release|Any CPU
	EndGlobalSection
	GlobalSection(ProjectConfigurationPlatforms) = postSolution
		{0957504F-4DA4-4BB0-BC32-D7100648F0EB}.Debug|Any CPU.ActiveCfg = Debug|Any CPU
		{0957504F-4DA4-4BB0-BC32-D7100648F0EB}.Debug|Any CPU.Build.0 = Debug|Any CPU
		{0957504F-4DA4-4BB0-BC32-D7100648F0EB}.Release|Any CPU.ActiveCfg = Release|Any CPU
		{0957504F-4DA4-4BB0-BC32-D7100648F0EB}.Release|Any CPU.Build.0 = Release|Any CPU
	EndGlobalSection
	GlobalSection(SolutionProperties) = preSolution
		HideSolutionNode = FALSE
	EndGlobalSection
	GlobalSection(ExtensibilityGlobals) = postSolution
		SolutionGuid = {762F3C39-F274-4EE0-9A1D-4A9F34C518EF}
	EndGlobalSection
EndGlobal
